// !$*UTF8*$!
{
	archiveVersion = 1;
	classes = {
	};
	objectVersion = 55;
	objects = {

/* Begin PBXBuildFile section */
		C204B22028DC96DB001EDD1B /* ContentView.swift in Sources */ = {isa = PBXBuildFile; fileRef = C23D295728D3726E009CC395 /* ContentView.swift */; };
		C23D296F28D37273009CC395 /* Tests_iOS.swift in Sources */ = {isa = PBXBuildFile; fileRef = C23D296E28D37273009CC395 /* Tests_iOS.swift */; };
		C23D297128D37273009CC395 /* Tests_iOSLaunchTests.swift in Sources */ = {isa = PBXBuildFile; fileRef = C23D297028D37273009CC395 /* Tests_iOSLaunchTests.swift */; };
		C23D297B28D37273009CC395 /* Tests_macOS.swift in Sources */ = {isa = PBXBuildFile; fileRef = C23D297A28D37273009CC395 /* Tests_macOS.swift */; };
		C23D297D28D37273009CC395 /* Tests_macOSLaunchTests.swift in Sources */ = {isa = PBXBuildFile; fileRef = C23D297C28D37273009CC395 /* Tests_macOSLaunchTests.swift */; };
		C23D297E28D37273009CC395 /* Fitness_AppApp.swift in Sources */ = {isa = PBXBuildFile; fileRef = C23D295628D3726E009CC395 /* Fitness_AppApp.swift */; };
		C23D297F28D37273009CC395 /* Fitness_AppApp.swift in Sources */ = {isa = PBXBuildFile; fileRef = C23D295628D3726E009CC395 /* Fitness_AppApp.swift */; };
		C23D298028D37273009CC395 /* ContentView.swift in Sources */ = {isa = PBXBuildFile; fileRef = C23D295728D3726E009CC395 /* ContentView.swift */; };
		C23D298228D37273009CC395 /* Assets.xcassets in Resources */ = {isa = PBXBuildFile; fileRef = C23D295828D37272009CC395 /* Assets.xcassets */; };
		C23D298328D37273009CC395 /* Assets.xcassets in Resources */ = {isa = PBXBuildFile; fileRef = C23D295828D37272009CC395 /* Assets.xcassets */; };
		C2F3834528DA502800D39353 /* HealthStore.swift in Sources */ = {isa = PBXBuildFile; fileRef = C2F3834428DA502800D39353 /* HealthStore.swift */; };
		C2F3834628DA502800D39353 /* HealthStore.swift in Sources */ = {isa = PBXBuildFile; fileRef = C2F3834428DA502800D39353 /* HealthStore.swift */; };
/* End PBXBuildFile section */

/* Begin PBXContainerItemProxy section */
		C23D296B28D37273009CC395 /* PBXContainerItemProxy */ = {
			isa = PBXContainerItemProxy;
			containerPortal = C23D295128D3726E009CC395 /* Project object */;
			proxyType = 1;
			remoteGlobalIDString = C23D295C28D37272009CC395;
			remoteInfo = "Fitness App (iOS)";
		};
		C23D297728D37273009CC395 /* PBXContainerItemProxy */ = {
			isa = PBXContainerItemProxy;
			containerPortal = C23D295128D3726E009CC395 /* Project object */;
			proxyType = 1;
			remoteGlobalIDString = C23D296228D37273009CC395;
			remoteInfo = "Fitness App (macOS)";
		};
/* End PBXContainerItemProxy section */

/* Begin PBXFileReference section */
		C23D295628D3726E009CC395 /* Fitness_AppApp.swift */ = {isa = PBXFileReference; lastKnownFileType = sourcecode.swift; path = Fitness_AppApp.swift; sourceTree = "<group>"; };
		C23D295728D3726E009CC395 /* ContentView.swift */ = {isa = PBXFileReference; lastKnownFileType = sourcecode.swift; path = ContentView.swift; sourceTree = "<group>"; };
		C23D295828D37272009CC395 /* Assets.xcassets */ = {isa = PBXFileReference; lastKnownFileType = folder.assetcatalog; path = Assets.xcassets; sourceTree = "<group>"; };
		C23D295D28D37272009CC395 /* Fitness App.app */ = {isa = PBXFileReference; explicitFileType = wrapper.application; includeInIndex = 0; path = "Fitness App.app"; sourceTree = BUILT_PRODUCTS_DIR; };
		C23D296328D37273009CC395 /* Fitness App.app */ = {isa = PBXFileReference; explicitFileType = wrapper.application; includeInIndex = 0; path = "Fitness App.app"; sourceTree = BUILT_PRODUCTS_DIR; };
		C23D296528D37273009CC395 /* macOS.entitlements */ = {isa = PBXFileReference; lastKnownFileType = text.plist.entitlements; path = macOS.entitlements; sourceTree = "<group>"; };
		C23D296A28D37273009CC395 /* Tests iOS.xctest */ = {isa = PBXFileReference; explicitFileType = wrapper.cfbundle; includeInIndex = 0; path = "Tests iOS.xctest"; sourceTree = BUILT_PRODUCTS_DIR; };
		C23D296E28D37273009CC395 /* Tests_iOS.swift */ = {isa = PBXFileReference; lastKnownFileType = sourcecode.swift; path = Tests_iOS.swift; sourceTree = "<group>"; };
		C23D297028D37273009CC395 /* Tests_iOSLaunchTests.swift */ = {isa = PBXFileReference; lastKnownFileType = sourcecode.swift; path = Tests_iOSLaunchTests.swift; sourceTree = "<group>"; };
		C23D297628D37273009CC395 /* Tests macOS.xctest */ = {isa = PBXFileReference; explicitFileType = wrapper.cfbundle; includeInIndex = 0; path = "Tests macOS.xctest"; sourceTree = BUILT_PRODUCTS_DIR; };
		C23D297A28D37273009CC395 /* Tests_macOS.swift */ = {isa = PBXFileReference; lastKnownFileType = sourcecode.swift; path = Tests_macOS.swift; sourceTree = "<group>"; };
		C23D297C28D37273009CC395 /* Tests_macOSLaunchTests.swift */ = {isa = PBXFileReference; lastKnownFileType = sourcecode.swift; path = Tests_macOSLaunchTests.swift; sourceTree = "<group>"; };
		C2CA92F228DB40AD00A8A17C /* Fitness App (iOS).entitlements */ = {isa = PBXFileReference; lastKnownFileType = text.plist.entitlements; path = "Fitness App (iOS).entitlements"; sourceTree = "<group>"; };
		C2F3834428DA502800D39353 /* HealthStore.swift */ = {isa = PBXFileReference; lastKnownFileType = sourcecode.swift; path = HealthStore.swift; sourceTree = "<group>"; };
		C2F3834728DA523900D39353 /* Fitness-App--iOS--Info.plist */ = {isa = PBXFileReference; lastKnownFileType = text.plist; path = "Fitness-App--iOS--Info.plist"; sourceTree = "<group>"; };
/* End PBXFileReference section */

/* Begin PBXFrameworksBuildPhase section */
		C23D295A28D37272009CC395 /* Frameworks */ = {
			isa = PBXFrameworksBuildPhase;
			buildActionMask = 2147483647;
			files = (
			);
			runOnlyForDeploymentPostprocessing = 0;
		};
		C23D296028D37273009CC395 /* Frameworks */ = {
			isa = PBXFrameworksBuildPhase;
			buildActionMask = 2147483647;
			files = (
			);
			runOnlyForDeploymentPostprocessing = 0;
		};
		C23D296728D37273009CC395 /* Frameworks */ = {
			isa = PBXFrameworksBuildPhase;
			buildActionMask = 2147483647;
			files = (
			);
			runOnlyForDeploymentPostprocessing = 0;
		};
		C23D297328D37273009CC395 /* Frameworks */ = {
			isa = PBXFrameworksBuildPhase;
			buildActionMask = 2147483647;
			files = (
			);
			runOnlyForDeploymentPostprocessing = 0;
		};
/* End PBXFrameworksBuildPhase section */

/* Begin PBXGroup section */
		C23D295028D3726E009CC395 = {
			isa = PBXGroup;
			children = (
				C2CA92F228DB40AD00A8A17C /* Fitness App (iOS).entitlements */,
				C2F3834728DA523900D39353 /* Fitness-App--iOS--Info.plist */,
				C23D295528D3726E009CC395 /* Shared */,
				C23D296428D37273009CC395 /* macOS */,
				C23D296D28D37273009CC395 /* Tests iOS */,
				C23D297928D37273009CC395 /* Tests macOS */,
				C23D295E28D37272009CC395 /* Products */,
			);
			sourceTree = "<group>";
		};
		C23D295528D3726E009CC395 /* Shared */ = {
			isa = PBXGroup;
			children = (
				C23D295628D3726E009CC395 /* Fitness_AppApp.swift */,
				C2F3834428DA502800D39353 /* HealthStore.swift */,
				C23D295728D3726E009CC395 /* ContentView.swift */,
				C23D295828D37272009CC395 /* Assets.xcassets */,
			);
			path = Shared;
			sourceTree = "<group>";
		};
		C23D295E28D37272009CC395 /* Products */ = {
			isa = PBXGroup;
			children = (
				C23D295D28D37272009CC395 /* Fitness App.app */,
				C23D296328D37273009CC395 /* Fitness App.app */,
				C23D296A28D37273009CC395 /* Tests iOS.xctest */,
				C23D297628D37273009CC395 /* Tests macOS.xctest */,
			);
			name = Products;
			sourceTree = "<group>";
		};
		C23D296428D37273009CC395 /* macOS */ = {
			isa = PBXGroup;
			children = (
				C23D296528D37273009CC395 /* macOS.entitlements */,
			);
			path = macOS;
			sourceTree = "<group>";
		};
		C23D296D28D37273009CC395 /* Tests iOS */ = {
			isa = PBXGroup;
			children = (
				C23D296E28D37273009CC395 /* Tests_iOS.swift */,
				C23D297028D37273009CC395 /* Tests_iOSLaunchTests.swift */,
			);
			path = "Tests iOS";
			sourceTree = "<group>";
		};
		C23D297928D37273009CC395 /* Tests macOS */ = {
			isa = PBXGroup;
			children = (
				C23D297A28D37273009CC395 /* Tests_macOS.swift */,
				C23D297C28D37273009CC395 /* Tests_macOSLaunchTests.swift */,
			);
			path = "Tests macOS";
			sourceTree = "<group>";
		};
/* End PBXGroup section */

/* Begin PBXNativeTarget section */
		C23D295C28D37272009CC395 /* Fitness App (iOS) */ = {
			isa = PBXNativeTarget;
			buildConfigurationList = C23D298628D37273009CC395 /* Build configuration list for PBXNativeTarget "Fitness App (iOS)" */;
			buildPhases = (
				C23D295928D37272009CC395 /* Sources */,
				C23D295A28D37272009CC395 /* Frameworks */,
				C23D295B28D37272009CC395 /* Resources */,
			);
			buildRules = (
			);
			dependencies = (
			);
			name = "Fitness App (iOS)";
			productName = "Fitness App (iOS)";
			productReference = C23D295D28D37272009CC395 /* Fitness App.app */;
			productType = "com.apple.product-type.application";
		};
		C23D296228D37273009CC395 /* Fitness App (macOS) */ = {
			isa = PBXNativeTarget;
			buildConfigurationList = C23D298928D37273009CC395 /* Build configuration list for PBXNativeTarget "Fitness App (macOS)" */;
			buildPhases = (
				C23D295F28D37273009CC395 /* Sources */,
				C23D296028D37273009CC395 /* Frameworks */,
				C23D296128D37273009CC395 /* Resources */,
			);
			buildRules = (
			);
			dependencies = (
			);
			name = "Fitness App (macOS)";
			productName = "Fitness App (macOS)";
			productReference = C23D296328D37273009CC395 /* Fitness App.app */;
			productType = "com.apple.product-type.application";
		};
		C23D296928D37273009CC395 /* Tests iOS */ = {
			isa = PBXNativeTarget;
			buildConfigurationList = C23D298C28D37273009CC395 /* Build configuration list for PBXNativeTarget "Tests iOS" */;
			buildPhases = (
				C23D296628D37273009CC395 /* Sources */,
				C23D296728D37273009CC395 /* Frameworks */,
				C23D296828D37273009CC395 /* Resources */,
			);
			buildRules = (
			);
			dependencies = (
				C23D296C28D37273009CC395 /* PBXTargetDependency */,
			);
			name = "Tests iOS";
			productName = "Tests iOS";
			productReference = C23D296A28D37273009CC395 /* Tests iOS.xctest */;
			productType = "com.apple.product-type.bundle.ui-testing";
		};
		C23D297528D37273009CC395 /* Tests macOS */ = {
			isa = PBXNativeTarget;
			buildConfigurationList = C23D298F28D37273009CC395 /* Build configuration list for PBXNativeTarget "Tests macOS" */;
			buildPhases = (
				C23D297228D37273009CC395 /* Sources */,
				C23D297328D37273009CC395 /* Frameworks */,
				C23D297428D37273009CC395 /* Resources */,
			);
			buildRules = (
			);
			dependencies = (
				C23D297828D37273009CC395 /* PBXTargetDependency */,
			);
			name = "Tests macOS";
			productName = "Tests macOS";
			productReference = C23D297628D37273009CC395 /* Tests macOS.xctest */;
			productType = "com.apple.product-type.bundle.ui-testing";
		};
/* End PBXNativeTarget section */

/* Begin PBXProject section */
		C23D295128D3726E009CC395 /* Project object */ = {
			isa = PBXProject;
			attributes = {
				BuildIndependentTargetsInParallel = 1;
				LastSwiftUpdateCheck = 1340;
				LastUpgradeCheck = 1400;
				ORGANIZATIONNAME = Simeon;
				TargetAttributes = {
					C23D295C28D37272009CC395 = {
						CreatedOnToolsVersion = 13.4.1;
					};
					C23D296228D37273009CC395 = {
						CreatedOnToolsVersion = 13.4.1;
					};
					C23D296928D37273009CC395 = {
						CreatedOnToolsVersion = 13.4.1;
						TestTargetID = C23D295C28D37272009CC395;
					};
					C23D297528D37273009CC395 = {
						CreatedOnToolsVersion = 13.4.1;
						TestTargetID = C23D296228D37273009CC395;
					};
				};
			};
			buildConfigurationList = C23D295428D3726E009CC395 /* Build configuration list for PBXProject "Fitness App" */;
			compatibilityVersion = "Xcode 13.0";
			developmentRegion = en;
			hasScannedForEncodings = 0;
			knownRegions = (
				en,
				Base,
			);
			mainGroup = C23D295028D3726E009CC395;
			productRefGroup = C23D295E28D37272009CC395 /* Products */;
			projectDirPath = "";
			projectRoot = "";
			targets = (
				C23D295C28D37272009CC395 /* Fitness App (iOS) */,
				C23D296228D37273009CC395 /* Fitness App (macOS) */,
				C23D296928D37273009CC395 /* Tests iOS */,
				C23D297528D37273009CC395 /* Tests macOS */,
			);
		};
/* End PBXProject section */

/* Begin PBXResourcesBuildPhase section */
		C23D295B28D37272009CC395 /* Resources */ = {
			isa = PBXResourcesBuildPhase;
			buildActionMask = 2147483647;
			files = (
				C23D298228D37273009CC395 /* Assets.xcassets in Resources */,
			);
			runOnlyForDeploymentPostprocessing = 0;
		};
		C23D296128D37273009CC395 /* Resources */ = {
			isa = PBXResourcesBuildPhase;
			buildActionMask = 2147483647;
			files = (
				C23D298328D37273009CC395 /* Assets.xcassets in Resources */,
			);
			runOnlyForDeploymentPostprocessing = 0;
		};
		C23D296828D37273009CC395 /* Resources */ = {
			isa = PBXResourcesBuildPhase;
			buildActionMask = 2147483647;
			files = (
			);
			runOnlyForDeploymentPostprocessing = 0;
		};
		C23D297428D37273009CC395 /* Resources */ = {
			isa = PBXResourcesBuildPhase;
			buildActionMask = 2147483647;
			files = (
			);
			runOnlyForDeploymentPostprocessing = 0;
		};
/* End PBXResourcesBuildPhase section */

/* Begin PBXSourcesBuildPhase section */
		C23D295928D37272009CC395 /* Sources */ = {
			isa = PBXSourcesBuildPhase;
			buildActionMask = 2147483647;
			files = (
				C23D298028D37273009CC395 /* ContentView.swift in Sources */,
				C2F3834528DA502800D39353 /* HealthStore.swift in Sources */,
				C23D297E28D37273009CC395 /* Fitness_AppApp.swift in Sources */,
			);
			runOnlyForDeploymentPostprocessing = 0;
		};
		C23D295F28D37273009CC395 /* Sources */ = {
			isa = PBXSourcesBuildPhase;
			buildActionMask = 2147483647;
			files = (
				C2F3834628DA502800D39353 /* HealthStore.swift in Sources */,
				C23D297F28D37273009CC395 /* Fitness_AppApp.swift in Sources */,
				C204B22028DC96DB001EDD1B /* ContentView.swift in Sources */,
			);
			runOnlyForDeploymentPostprocessing = 0;
		};
		C23D296628D37273009CC395 /* Sources */ = {
			isa = PBXSourcesBuildPhase;
			buildActionMask = 2147483647;
			files = (
				C23D297128D37273009CC395 /* Tests_iOSLaunchTests.swift in Sources */,
				C23D296F28D37273009CC395 /* Tests_iOS.swift in Sources */,
			);
			runOnlyForDeploymentPostprocessing = 0;
		};
		C23D297228D37273009CC395 /* Sources */ = {
			isa = PBXSourcesBuildPhase;
			buildActionMask = 2147483647;
			files = (
				C23D297D28D37273009CC395 /* Tests_macOSLaunchTests.swift in Sources */,
				C23D297B28D37273009CC395 /* Tests_macOS.swift in Sources */,
			);
			runOnlyForDeploymentPostprocessing = 0;
		};
/* End PBXSourcesBuildPhase section */

/* Begin PBXTargetDependency section */
		C23D296C28D37273009CC395 /* PBXTargetDependency */ = {
			isa = PBXTargetDependency;
			target = C23D295C28D37272009CC395 /* Fitness App (iOS) */;
			targetProxy = C23D296B28D37273009CC395 /* PBXContainerItemProxy */;
		};
		C23D297828D37273009CC395 /* PBXTargetDependency */ = {
			isa = PBXTargetDependency;
			target = C23D296228D37273009CC395 /* Fitness App (macOS) */;
			targetProxy = C23D297728D37273009CC395 /* PBXContainerItemProxy */;
		};
/* End PBXTargetDependency section */

/* Begin XCBuildConfiguration section */
		C23D298428D37273009CC395 /* Debug */ = {
			isa = XCBuildConfiguration;
			buildSettings = {
				ALWAYS_SEARCH_USER_PATHS = NO;
				CLANG_ANALYZER_NONNULL = YES;
				CLANG_ANALYZER_NUMBER_OBJECT_CONVERSION = YES_AGGRESSIVE;
				CLANG_CXX_LANGUAGE_STANDARD = "gnu++17";
				CLANG_ENABLE_MODULES = YES;
				CLANG_ENABLE_OBJC_ARC = YES;
				CLANG_ENABLE_OBJC_WEAK = YES;
				CLANG_WARN_BLOCK_CAPTURE_AUTORELEASING = YES;
				CLANG_WARN_BOOL_CONVERSION = YES;
				CLANG_WARN_COMMA = YES;
				CLANG_WARN_CONSTANT_CONVERSION = YES;
				CLANG_WARN_DEPRECATED_OBJC_IMPLEMENTATIONS = YES;
				CLANG_WARN_DIRECT_OBJC_ISA_USAGE = YES_ERROR;
				CLANG_WARN_DOCUMENTATION_COMMENTS = YES;
				CLANG_WARN_EMPTY_BODY = YES;
				CLANG_WARN_ENUM_CONVERSION = YES;
				CLANG_WARN_INFINITE_RECURSION = YES;
				CLANG_WARN_INT_CONVERSION = YES;
				CLANG_WARN_NON_LITERAL_NULL_CONVERSION = YES;
				CLANG_WARN_OBJC_IMPLICIT_RETAIN_SELF = YES;
				CLANG_WARN_OBJC_LITERAL_CONVERSION = YES;
				CLANG_WARN_OBJC_ROOT_CLASS = YES_ERROR;
				CLANG_WARN_QUOTED_INCLUDE_IN_FRAMEWORK_HEADER = YES;
				CLANG_WARN_RANGE_LOOP_ANALYSIS = YES;
				CLANG_WARN_STRICT_PROTOTYPES = YES;
				CLANG_WARN_SUSPICIOUS_MOVE = YES;
				CLANG_WARN_UNGUARDED_AVAILABILITY = YES_AGGRESSIVE;
				CLANG_WARN_UNREACHABLE_CODE = YES;
				CLANG_WARN__DUPLICATE_METHOD_MATCH = YES;
				COPY_PHASE_STRIP = NO;
				DEAD_CODE_STRIPPING = YES;
				DEBUG_INFORMATION_FORMAT = dwarf;
				ENABLE_STRICT_OBJC_MSGSEND = YES;
				ENABLE_TESTABILITY = YES;
				GCC_C_LANGUAGE_STANDARD = gnu11;
				GCC_DYNAMIC_NO_PIC = NO;
				GCC_NO_COMMON_BLOCKS = YES;
				GCC_OPTIMIZATION_LEVEL = 0;
				GCC_PREPROCESSOR_DEFINITIONS = (
					"DEBUG=1",
					"$(inherited)",
				);
				GCC_WARN_64_TO_32_BIT_CONVERSION = YES;
				GCC_WARN_ABOUT_RETURN_TYPE = YES_ERROR;
				GCC_WARN_UNDECLARED_SELECTOR = YES;
				GCC_WARN_UNINITIALIZED_AUTOS = YES_AGGRESSIVE;
				GCC_WARN_UNUSED_FUNCTION = YES;
				GCC_WARN_UNUSED_VARIABLE = YES;
				MTL_ENABLE_DEBUG_INFO = INCLUDE_SOURCE;
				MTL_FAST_MATH = YES;
				ONLY_ACTIVE_ARCH = YES;
				SWIFT_ACTIVE_COMPILATION_CONDITIONS = DEBUG;
				SWIFT_OPTIMIZATION_LEVEL = "-Onone";
			};
			name = Debug;
		};
		C23D298528D37273009CC395 /* Release */ = {
			isa = XCBuildConfiguration;
			buildSettings = {
				ALWAYS_SEARCH_USER_PATHS = NO;
				CLANG_ANALYZER_NONNULL = YES;
				CLANG_ANALYZER_NUMBER_OBJECT_CONVERSION = YES_AGGRESSIVE;
				CLANG_CXX_LANGUAGE_STANDARD = "gnu++17";
				CLANG_ENABLE_MODULES = YES;
				CLANG_ENABLE_OBJC_ARC = YES;
				CLANG_ENABLE_OBJC_WEAK = YES;
				CLANG_WARN_BLOCK_CAPTURE_AUTORELEASING = YES;
				CLANG_WARN_BOOL_CONVERSION = YES;
				CLANG_WARN_COMMA = YES;
				CLANG_WARN_CONSTANT_CONVERSION = YES;
				CLANG_WARN_DEPRECATED_OBJC_IMPLEMENTATIONS = YES;
				CLANG_WARN_DIRECT_OBJC_ISA_USAGE = YES_ERROR;
				CLANG_WARN_DOCUMENTATION_COMMENTS = YES;
				CLANG_WARN_EMPTY_BODY = YES;
				CLANG_WARN_ENUM_CONVERSION = YES;
				CLANG_WARN_INFINITE_RECURSION = YES;
				CLANG_WARN_INT_CONVERSION = YES;
				CLANG_WARN_NON_LITERAL_NULL_CONVERSION = YES;
				CLANG_WARN_OBJC_IMPLICIT_RETAIN_SELF = YES;
				CLANG_WARN_OBJC_LITERAL_CONVERSION = YES;
				CLANG_WARN_OBJC_ROOT_CLASS = YES_ERROR;
				CLANG_WARN_QUOTED_INCLUDE_IN_FRAMEWORK_HEADER = YES;
				CLANG_WARN_RANGE_LOOP_ANALYSIS = YES;
				CLANG_WARN_STRICT_PROTOTYPES = YES;
				CLANG_WARN_SUSPICIOUS_MOVE = YES;
				CLANG_WARN_UNGUARDED_AVAILABILITY = YES_AGGRESSIVE;
				CLANG_WARN_UNREACHABLE_CODE = YES;
				CLANG_WARN__DUPLICATE_METHOD_MATCH = YES;
				COPY_PHASE_STRIP = NO;
				DEAD_CODE_STRIPPING = YES;
				DEBUG_INFORMATION_FORMAT = "dwarf-with-dsym";
				ENABLE_NS_ASSERTIONS = NO;
				ENABLE_STRICT_OBJC_MSGSEND = YES;
				GCC_C_LANGUAGE_STANDARD = gnu11;
				GCC_NO_COMMON_BLOCKS = YES;
				GCC_WARN_64_TO_32_BIT_CONVERSION = YES;
				GCC_WARN_ABOUT_RETURN_TYPE = YES_ERROR;
				GCC_WARN_UNDECLARED_SELECTOR = YES;
				GCC_WARN_UNINITIALIZED_AUTOS = YES_AGGRESSIVE;
				GCC_WARN_UNUSED_FUNCTION = YES;
				GCC_WARN_UNUSED_VARIABLE = YES;
				MTL_ENABLE_DEBUG_INFO = NO;
				MTL_FAST_MATH = YES;
				SWIFT_COMPILATION_MODE = wholemodule;
				SWIFT_OPTIMIZATION_LEVEL = "-O";
			};
			name = Release;
		};
		C23D298728D37273009CC395 /* Debug */ = {
			isa = XCBuildConfiguration;
			buildSettings = {
				ASSETCATALOG_COMPILER_APPICON_NAME = AppIcon;
				ASSETCATALOG_COMPILER_GLOBAL_ACCENT_COLOR_NAME = AccentColor;
				CODE_SIGN_ENTITLEMENTS = "Fitness App (iOS).entitlements";
				CODE_SIGN_STYLE = Automatic;
				CURRENT_PROJECT_VERSION = 1;
				DEVELOPMENT_TEAM = FGVNBAS4V5;
				ENABLE_PREVIEWS = YES;
				GENERATE_INFOPLIST_FILE = YES;
				INFOPLIST_FILE = "Fitness-App--iOS--Info.plist";
				INFOPLIST_KEY_NSHealthShareUsageDescription = "The app requests access to your health data";
				INFOPLIST_KEY_NSHealthUpdateUsageDescription = "The app requests access to your health data";
				INFOPLIST_KEY_UIApplicationSceneManifest_Generation = YES;
				INFOPLIST_KEY_UIApplicationSupportsIndirectInputEvents = YES;
				INFOPLIST_KEY_UILaunchScreen_Generation = YES;
				INFOPLIST_KEY_UISupportedInterfaceOrientations_iPad = "UIInterfaceOrientationPortrait UIInterfaceOrientationPortraitUpsideDown UIInterfaceOrientationLandscapeLeft UIInterfaceOrientationLandscapeRight";
				INFOPLIST_KEY_UISupportedInterfaceOrientations_iPhone = "UIInterfaceOrientationPortrait UIInterfaceOrientationLandscapeLeft UIInterfaceOrientationLandscapeRight";
				IPHONEOS_DEPLOYMENT_TARGET = 15.5;
				LD_RUNPATH_SEARCH_PATHS = (
					"$(inherited)",
					"@executable_path/Frameworks",
				);
				MARKETING_VERSION = 1.0;
				PRODUCT_BUNDLE_IDENTIFIER = "Simeon.Fitness-App";
				PRODUCT_NAME = "Fitness App";
				SDKROOT = iphoneos;
				SWIFT_EMIT_LOC_STRINGS = YES;
				SWIFT_VERSION = 5.0;
				TARGETED_DEVICE_FAMILY = "1,2";
			};
			name = Debug;
		};
		C23D298828D37273009CC395 /* Release */ = {
			isa = XCBuildConfiguration;
			buildSettings = {
				ASSETCATALOG_COMPILER_APPICON_NAME = AppIcon;
				ASSETCATALOG_COMPILER_GLOBAL_ACCENT_COLOR_NAME = AccentColor;
				CODE_SIGN_ENTITLEMENTS = "Fitness App (iOS).entitlements";
				CODE_SIGN_STYLE = Automatic;
				CURRENT_PROJECT_VERSION = 1;
				DEVELOPMENT_TEAM = FGVNBAS4V5;
				ENABLE_PREVIEWS = YES;
				GENERATE_INFOPLIST_FILE = YES;
				INFOPLIST_FILE = "Fitness-App--iOS--Info.plist";
				INFOPLIST_KEY_NSHealthShareUsageDescription = "The app requests access to your health data";
				INFOPLIST_KEY_NSHealthUpdateUsageDescription = "The app requests access to your health data";
				INFOPLIST_KEY_UIApplicationSceneManifest_Generation = YES;
				INFOPLIST_KEY_UIApplicationSupportsIndirectInputEvents = YES;
				INFOPLIST_KEY_UILaunchScreen_Generation = YES;
				INFOPLIST_KEY_UISupportedInterfaceOrientations_iPad = "UIInterfaceOrientationPortrait UIInterfaceOrientationPortraitUpsideDown UIInterfaceOrientationLandscapeLeft UIInterfaceOrientationLandscapeRight";
				INFOPLIST_KEY_UISupportedInterfaceOrientations_iPhone = "UIInterfaceOrientationPortrait UIInterfaceOrientationLandscapeLeft UIInterfaceOrientationLandscapeRight";
				IPHONEOS_DEPLOYMENT_TARGET = 15.5;
				LD_RUNPATH_SEARCH_PATHS = (
					"$(inherited)",
					"@executable_path/Frameworks",
				);
				MARKETING_VERSION = 1.0;
				PRODUCT_BUNDLE_IDENTIFIER = "Simeon.Fitness-App";
				PRODUCT_NAME = "Fitness App";
				SDKROOT = iphoneos;
				SWIFT_EMIT_LOC_STRINGS = YES;
				SWIFT_VERSION = 5.0;
				TARGETED_DEVICE_FAMILY = "1,2";
				VALIDATE_PRODUCT = YES;
			};
			name = Release;
		};
		C23D298A28D37273009CC395 /* Debug */ = {
			isa = XCBuildConfiguration;
			buildSettings = {
				ASSETCATALOG_COMPILER_APPICON_NAME = AppIcon;
				ASSETCATALOG_COMPILER_GLOBAL_ACCENT_COLOR_NAME = AccentColor;
				CODE_SIGN_ENTITLEMENTS = macOS/macOS.entitlements;
				CODE_SIGN_IDENTITY = "-";
				CODE_SIGN_STYLE = Automatic;
				COMBINE_HIDPI_IMAGES = YES;
				CURRENT_PROJECT_VERSION = 1;
				DEAD_CODE_STRIPPING = YES;
				ENABLE_PREVIEWS = YES;
				GENERATE_INFOPLIST_FILE = YES;
				INFOPLIST_KEY_NSHumanReadableCopyright = "";
				LD_RUNPATH_SEARCH_PATHS = (
					"$(inherited)",
					"@executable_path/../Frameworks",
				);
				MACOSX_DEPLOYMENT_TARGET = 12.3;
				MARKETING_VERSION = 1.0;
				PRODUCT_BUNDLE_IDENTIFIER = "Simeon.Fitness-App";
				PRODUCT_NAME = "Fitness App";
				SDKROOT = macosx;
				SWIFT_EMIT_LOC_STRINGS = YES;
				SWIFT_VERSION = 5.0;
			};
			name = Debug;
		};
		C23D298B28D37273009CC395 /* Release */ = {
			isa = XCBuildConfiguration;
			buildSettings = {
				ASSETCATALOG_COMPILER_APPICON_NAME = AppIcon;
				ASSETCATALOG_COMPILER_GLOBAL_ACCENT_COLOR_NAME = AccentColor;
				CODE_SIGN_ENTITLEMENTS = macOS/macOS.entitlements;
				CODE_SIGN_IDENTITY = "-";
				CODE_SIGN_STYLE = Automatic;
				COMBINE_HIDPI_IMAGES = YES;
				CURRENT_PROJECT_VERSION = 1;
				DEAD_CODE_STRIPPING = YES;
				ENABLE_PREVIEWS = YES;
				GENERATE_INFOPLIST_FILE = YES;
				INFOPLIST_KEY_NSHumanReadableCopyright = "";
				LD_RUNPATH_SEARCH_PATHS = (
					"$(inherited)",
					"@executable_path/../Frameworks",
				);
				MACOSX_DEPLOYMENT_TARGET = 12.3;
				MARKETING_VERSION = 1.0;
				PRODUCT_BUNDLE_IDENTIFIER = "Simeon.Fitness-App";
				PRODUCT_NAME = "Fitness App";
				SDKROOT = macosx;
				SWIFT_EMIT_LOC_STRINGS = YES;
				SWIFT_VERSION = 5.0;
			};
			name = Release;
		};
		C23D298D28D37273009CC395 /* Debug */ = {
			isa = XCBuildConfiguration;
			buildSettings = {
				ALWAYS_EMBED_SWIFT_STANDARD_LIBRARIES = YES;
				CODE_SIGN_STYLE = Automatic;
				CURRENT_PROJECT_VERSION = 1;
				GENERATE_INFOPLIST_FILE = YES;
				IPHONEOS_DEPLOYMENT_TARGET = 15.5;
				MARKETING_VERSION = 1.0;
				PRODUCT_BUNDLE_IDENTIFIER = "Simeon.Tests-iOS";
				PRODUCT_NAME = "$(TARGET_NAME)";
				SDKROOT = iphoneos;
				SWIFT_EMIT_LOC_STRINGS = NO;
				SWIFT_VERSION = 5.0;
				TARGETED_DEVICE_FAMILY = "1,2";
				TEST_TARGET_NAME = "Fitness App (iOS)";
			};
			name = Debug;
		};
		C23D298E28D37273009CC395 /* Release */ = {
			isa = XCBuildConfiguration;
			buildSettings = {
				ALWAYS_EMBED_SWIFT_STANDARD_LIBRARIES = YES;
				CODE_SIGN_STYLE = Automatic;
				CURRENT_PROJECT_VERSION = 1;
				GENERATE_INFOPLIST_FILE = YES;
				IPHONEOS_DEPLOYMENT_TARGET = 15.5;
				MARKETING_VERSION = 1.0;
				PRODUCT_BUNDLE_IDENTIFIER = "Simeon.Tests-iOS";
				PRODUCT_NAME = "$(TARGET_NAME)";
				SDKROOT = iphoneos;
				SWIFT_EMIT_LOC_STRINGS = NO;
				SWIFT_VERSION = 5.0;
				TARGETED_DEVICE_FAMILY = "1,2";
				TEST_TARGET_NAME = "Fitness App (iOS)";
				VALIDATE_PRODUCT = YES;
			};
			name = Release;
		};
		C23D299028D37273009CC395 /* Debug */ = {
			isa = XCBuildConfiguration;
			buildSettings = {
				ALWAYS_EMBED_SWIFT_STANDARD_LIBRARIES = YES;
				CODE_SIGN_STYLE = Automatic;
				CURRENT_PROJECT_VERSION = 1;
				DEAD_CODE_STRIPPING = YES;
				GENERATE_INFOPLIST_FILE = YES;
				MACOSX_DEPLOYMENT_TARGET = 12.3;
				MARKETING_VERSION = 1.0;
				PRODUCT_BUNDLE_IDENTIFIER = "Simeon.Tests-macOS";
				PRODUCT_NAME = "$(TARGET_NAME)";
				SDKROOT = macosx;
				SWIFT_EMIT_LOC_STRINGS = NO;
				SWIFT_VERSION = 5.0;
				TEST_TARGET_NAME = "Fitness App (macOS)";
			};
			name = Debug;
		};
		C23D299128D37273009CC395 /* Release */ = {
			isa = XCBuildConfiguration;
			buildSettings = {
				ALWAYS_EMBED_SWIFT_STANDARD_LIBRARIES = YES;
				CODE_SIGN_STYLE = Automatic;
				CURRENT_PROJECT_VERSION = 1;
				DEAD_CODE_STRIPPING = YES;
				GENERATE_INFOPLIST_FILE = YES;
				MACOSX_DEPLOYMENT_TARGET = 12.3;
				MARKETING_VERSION = 1.0;
				PRODUCT_BUNDLE_IDENTIFIER = "Simeon.Tests-macOS";
				PRODUCT_NAME = "$(TARGET_NAME)";
				SDKROOT = macosx;
				SWIFT_EMIT_LOC_STRINGS = NO;
				SWIFT_VERSION = 5.0;
				TEST_TARGET_NAME = "Fitness App (macOS)";
			};
			name = Release;
		};
/* End XCBuildConfiguration section */

/* Begin XCConfigurationList section */
		C23D295428D3726E009CC395 /* Build configuration list for PBXProject "Fitness App" */ = {
			isa = XCConfigurationList;
			buildConfigurations = (
				C23D298428D37273009CC395 /* Debug */,
				C23D298528D37273009CC395 /* Release */,
			);
			defaultConfigurationIsVisible = 0;
			defaultConfigurationName = Release;
		};
		C23D298628D37273009CC395 /* Build configuration list for PBXNativeTarget "Fitness App (iOS)" */ = {
			isa = XCConfigurationList;
			buildConfigurations = (
				C23D298728D37273009CC395 /* Debug */,
				C23D298828D37273009CC395 /* Release */,
			);
			defaultConfigurationIsVisible = 0;
			defaultConfigurationName = Release;
		};
		C23D298928D37273009CC395 /* Build configuration list for PBXNativeTarget "Fitness App (macOS)" */ = {
			isa = XCConfigurationList;
			buildConfigurations = (
				C23D298A28D37273009CC395 /* Debug */,
				C23D298B28D37273009CC395 /* Release */,
			);
			defaultConfigurationIsVisible = 0;
			defaultConfigurationName = Release;
		};
		C23D298C28D37273009CC395 /* Build configuration list for PBXNativeTarget "Tests iOS" */ = {
			isa = XCConfigurationList;
			buildConfigurations = (
				C23D298D28D37273009CC395 /* Debug */,
				C23D298E28D37273009CC395 /* Release */,
			);
			defaultConfigurationIsVisible = 0;
			defaultConfigurationName = Release;
		};
		C23D298F28D37273009CC395 /* Build configuration list for PBXNativeTarget "Tests macOS" */ = {
			isa = XCConfigurationList;
			buildConfigurations = (
				C23D299028D37273009CC395 /* Debug */,
				C23D299128D37273009CC395 /* Release */,
			);
			defaultConfigurationIsVisible = 0;
			defaultConfigurationName = Release;
		};
/* End XCConfigurationList section */
	};
	rootObject = C23D295128D3726E009CC395 /* Project object */;
}
